
Microsoft Visual Studio Solution File, Format Version 12.00
# Visual Studio Version 17
VisualStudioVersion = 17.5.002.0
MinimumVisualStudioVersion = 10.0.40219.1
Project("{9A19103F-16F7-4668-BE54-9A1E7A4F7556}") = "isolde", "src\isolde.csproj", "{4A05EF4A-D16E-4D55-9E14-86324AD81E60}"
EndProject
Global
	GlobalSection(SolutionConfigurationPlatforms) = preSolution
		Debug|Any CPU = Debug|Any CPU
		Release|Any CPU = Release|Any CPU
	EndGlobalSection
	GlobalSection(ProjectConfigurationPlatforms) = postSolution
		{4A05EF4A-D16E-4D55-9E14-86324AD81E60}.Debug|Any CPU.ActiveCfg = Debug|Any CPU
		{4A05EF4A-D16E-4D55-9E14-86324AD81E60}.Debug|Any CPU.Build.0 = Debug|Any CPU
		{4A05EF4A-D16E-4D55-9E14-86324AD81E60}.Release|Any CPU.ActiveCfg = Release|Any CPU
		{4A05EF4A-D16E-4D55-9E14-86324AD81E60}.Release|Any CPU.Build.0 = Release|Any CPU
	EndGlobalSection
	GlobalSection(SolutionProperties) = preSolution
		HideSolutionNode = FALSE
	EndGlobalSection
	GlobalSection(ExtensibilityGlobals) = postSolution
		SolutionGuid = {25AD1BAC-32CE-4C39-A837-0A9BB667D09E}
	EndGlobalSection
EndGlobal
